// !$*UTF8*$!
{
	archiveVersion = 1;
	classes = {
	};
	objectVersion = 46;
	objects = {

/* Begin PBXBuildFile section */
		12CD0B701BC7F250000BE551 /* main.m in Sources */ = {isa = PBXBuildFile; fileRef = 12CD0B6F1BC7F250000BE551 /* main.m */; };
		12CD0B731BC7F250000BE551 /* AppDelegate.m in Sources */ = {isa = PBXBuildFile; fileRef = 12CD0B721BC7F250000BE551 /* AppDelegate.m */; };
		12CD0B791BC7F250000BE551 /* Main_iPhone.storyboard in Resources */ = {isa = PBXBuildFile; fileRef = 12CD0B771BC7F250000BE551 /* Main_iPhone.storyboard */; };
		12CD0B7B1BC7F250000BE551 /* Assets.xcassets in Resources */ = {isa = PBXBuildFile; fileRef = 12CD0B7A1BC7F250000BE551 /* Assets.xcassets */; };
		12CD0B7E1BC7F250000BE551 /* LaunchScreen.storyboard in Resources */ = {isa = PBXBuildFile; fileRef = 12CD0B7C1BC7F250000BE551 /* LaunchScreen.storyboard */; };
		12CD0B891BC7F250000BE551 /* StckOverflowVisualiserTests.m in Sources */ = {isa = PBXBuildFile; fileRef = 12CD0B881BC7F250000BE551 /* StckOverflowVisualiserTests.m */; };
		12CD0B941BC7F250000BE551 /* StckOverflowVisualiserUITests.m in Sources */ = {isa = PBXBuildFile; fileRef = 12CD0B931BC7F250000BE551 /* StckOverflowVisualiserUITests.m */; };
/* End PBXBuildFile section */

/* Begin PBXContainerItemProxy section */
		12CD0B851BC7F250000BE551 /* PBXContainerItemProxy */ = {
			isa = PBXContainerItemProxy;
			containerPortal = 12CD0B631BC7F250000BE551 /* Project object */;
			proxyType = 1;
			remoteGlobalIDString = 12CD0B6A1BC7F250000BE551;
			remoteInfo = StckOverflowVisualiser;
		};
		12CD0B901BC7F250000BE551 /* PBXContainerItemProxy */ = {
			isa = PBXContainerItemProxy;
			containerPortal = 12CD0B631BC7F250000BE551 /* Project object */;
			proxyType = 1;
			remoteGlobalIDString = 12CD0B6A1BC7F250000BE551;
			remoteInfo = StckOverflowVisualiser;
		};
/* End PBXContainerItemProxy section */

/* Begin PBXFileReference section */
		12CD0B6B1BC7F250000BE551 /* StckOverflowVisualiser.app */ = {isa = PBXFileReference; explicitFileType = wrapper.application; includeInIndex = 0; path = StckOverflowVisualiser.app; sourceTree = BUILT_PRODUCTS_DIR; };
		12CD0B6F1BC7F250000BE551 /* main.m */ = {isa = PBXFileReference; lastKnownFileType = sourcecode.c.objc; path = main.m; sourceTree = "<group>"; };
		12CD0B711BC7F250000BE551 /* AppDelegate.h */ = {isa = PBXFileReference; lastKnownFileType = sourcecode.c.h; path = AppDelegate.h; sourceTree = "<group>"; };
		12CD0B721BC7F250000BE551 /* AppDelegate.m */ = {isa = PBXFileReference; lastKnownFileType = sourcecode.c.objc; path = AppDelegate.m; sourceTree = "<group>"; };
		12CD0B781BC7F250000BE551 /* Base */ = {isa = PBXFileReference; lastKnownFileType = file.storyboard; name = Base; path = Base.lproj/Main_iPhone.storyboard; sourceTree = "<group>"; };
		12CD0B7A1BC7F250000BE551 /* Assets.xcassets */ = {isa = PBXFileReference; lastKnownFileType = folder.assetcatalog; path = Assets.xcassets; sourceTree = "<group>"; };
		12CD0B7D1BC7F250000BE551 /* Base */ = {isa = PBXFileReference; lastKnownFileType = file.storyboard; name = Base; path = Base.lproj/LaunchScreen.storyboard; sourceTree = "<group>"; };
		12CD0B7F1BC7F250000BE551 /* Info.plist */ = {isa = PBXFileReference; lastKnownFileType = text.plist.xml; path = Info.plist; sourceTree = "<group>"; };
		12CD0B841BC7F250000BE551 /* StckOverflowVisualiserTests.xctest */ = {isa = PBXFileReference; explicitFileType = wrapper.cfbundle; includeInIndex = 0; path = StckOverflowVisualiserTests.xctest; sourceTree = BUILT_PRODUCTS_DIR; };
		12CD0B881BC7F250000BE551 /* StckOverflowVisualiserTests.m */ = {isa = PBXFileReference; lastKnownFileType = sourcecode.c.objc; path = StckOverflowVisualiserTests.m; sourceTree = "<group>"; };
		12CD0B8A1BC7F250000BE551 /* Info.plist */ = {isa = PBXFileReference; lastKnownFileType = text.plist.xml; path = Info.plist; sourceTree = "<group>"; };
		12CD0B8F1BC7F250000BE551 /* StckOverflowVisualiserUITests.xctest */ = {isa = PBXFileReference; explicitFileType = wrapper.cfbundle; includeInIndex = 0; path = StckOverflowVisualiserUITests.xctest; sourceTree = BUILT_PRODUCTS_DIR; };
		12CD0B931BC7F250000BE551 /* StckOverflowVisualiserUITests.m */ = {isa = PBXFileReference; lastKnownFileType = sourcecode.c.objc; path = StckOverflowVisualiserUITests.m; sourceTree = "<group>"; };
		12CD0B951BC7F250000BE551 /* Info.plist */ = {isa = PBXFileReference; lastKnownFileType = text.plist.xml; path = Info.plist; sourceTree = "<group>"; };
/* End PBXFileReference section */

/* Begin PBXFrameworksBuildPhase section */
		12CD0B681BC7F250000BE551 /* Frameworks */ = {
			isa = PBXFrameworksBuildPhase;
			buildActionMask = 2147483647;
			files = (
			);
			runOnlyForDeploymentPostprocessing = 0;
		};
		12CD0B811BC7F250000BE551 /* Frameworks */ = {
			isa = PBXFrameworksBuildPhase;
			buildActionMask = 2147483647;
			files = (
			);
			runOnlyForDeploymentPostprocessing = 0;
		};
		12CD0B8C1BC7F250000BE551 /* Frameworks */ = {
			isa = PBXFrameworksBuildPhase;
			buildActionMask = 2147483647;
			files = (
			);
			runOnlyForDeploymentPostprocessing = 0;
		};
/* End PBXFrameworksBuildPhase section */

/* Begin PBXGroup section */
		12CD0B621BC7F250000BE551 = {
			isa = PBXGroup;
			children = (
				12CD0B6D1BC7F250000BE551 /* StckOverflowVisualiser */,
				12CD0B871BC7F250000BE551 /* StckOverflowVisualiserTests */,
				12CD0B921BC7F250000BE551 /* StckOverflowVisualiserUITests */,
				12CD0B6C1BC7F250000BE551 /* Products */,
			);
			sourceTree = "<group>";
		};
		12CD0B6C1BC7F250000BE551 /* Products */ = {
			isa = PBXGroup;
			children = (
				12CD0B6B1BC7F250000BE551 /* StckOverflowVisualiser.app */,
				12CD0B841BC7F250000BE551 /* StckOverflowVisualiserTests.xctest */,
				12CD0B8F1BC7F250000BE551 /* StckOverflowVisualiserUITests.xctest */,
			);
			name = Products;
			sourceTree = "<group>";
		};
		12CD0B6D1BC7F250000BE551 /* StckOverflowVisualiser */ = {
			isa = PBXGroup;
			children = (
				12CD0B711BC7F250000BE551 /* AppDelegate.h */,
				12CD0B721BC7F250000BE551 /* AppDelegate.m */,
				12CD0B771BC7F250000BE551 /* Main_iPhone.storyboard */,
				12CD0B7A1BC7F250000BE551 /* Assets.xcassets */,
				12CD0B7C1BC7F250000BE551 /* LaunchScreen.storyboard */,
				12CD0B7F1BC7F250000BE551 /* Info.plist */,
				12CD0B6E1BC7F250000BE551 /* Supporting Files */,
			);
			path = StckOverflowVisualiser;
			sourceTree = "<group>";
		};
		12CD0B6E1BC7F250000BE551 /* Supporting Files */ = {
			isa = PBXGroup;
			children = (
				12CD0B6F1BC7F250000BE551 /* main.m */,
			);
			name = "Supporting Files";
			sourceTree = "<group>";
		};
		12CD0B871BC7F250000BE551 /* StckOverflowVisualiserTests */ = {
			isa = PBXGroup;
			children = (
				12CD0B881BC7F250000BE551 /* StckOverflowVisualiserTests.m */,
				12CD0B8A1BC7F250000BE551 /* Info.plist */,
			);
			path = StckOverflowVisualiserTests;
			sourceTree = "<group>";
		};
		12CD0B921BC7F250000BE551 /* StckOverflowVisualiserUITests */ = {
			isa = PBXGroup;
			children = (
				12CD0B931BC7F250000BE551 /* StckOverflowVisualiserUITests.m */,
				12CD0B951BC7F250000BE551 /* Info.plist */,
			);
			path = StckOverflowVisualiserUITests;
			sourceTree = "<group>";
		};
/* End PBXGroup section */

/* Begin PBXNativeTarget section */
		12CD0B6A1BC7F250000BE551 /* StckOverflowVisualiser */ = {
			isa = PBXNativeTarget;
			buildConfigurationList = 12CD0B981BC7F250000BE551 /* Build configuration list for PBXNativeTarget "StckOverflowVisualiser" */;
			buildPhases = (
				12CD0B671BC7F250000BE551 /* Sources */,
				12CD0B681BC7F250000BE551 /* Frameworks */,
				12CD0B691BC7F250000BE551 /* Resources */,
			);
			buildRules = (
			);
			dependencies = (
			);
			name = StckOverflowVisualiser;
			productName = StckOverflowVisualiser;
			productReference = 12CD0B6B1BC7F250000BE551 /* StckOverflowVisualiser.app */;
			productType = "com.apple.product-type.application";
		};
		12CD0B831BC7F250000BE551 /* StckOverflowVisualiserTests */ = {
			isa = PBXNativeTarget;
			buildConfigurationList = 12CD0B9B1BC7F250000BE551 /* Build configuration list for PBXNativeTarget "StckOverflowVisualiserTests" */;
			buildPhases = (
				12CD0B801BC7F250000BE551 /* Sources */,
				12CD0B811BC7F250000BE551 /* Frameworks */,
				12CD0B821BC7F250000BE551 /* Resources */,
			);
			buildRules = (
			);
			dependencies = (
				12CD0B861BC7F250000BE551 /* PBXTargetDependency */,
			);
			name = StckOverflowVisualiserTests;
			productName = StckOverflowVisualiserTests;
			productReference = 12CD0B841BC7F250000BE551 /* StckOverflowVisualiserTests.xctest */;
			productType = "com.apple.product-type.bundle.unit-test";
		};
		12CD0B8E1BC7F250000BE551 /* StckOverflowVisualiserUITests */ = {
			isa = PBXNativeTarget;
			buildConfigurationList = 12CD0B9E1BC7F250000BE551 /* Build configuration list for PBXNativeTarget "StckOverflowVisualiserUITests" */;
			buildPhases = (
				12CD0B8B1BC7F250000BE551 /* Sources */,
				12CD0B8C1BC7F250000BE551 /* Frameworks */,
				12CD0B8D1BC7F250000BE551 /* Resources */,
			);
			buildRules = (
			);
			dependencies = (
				12CD0B911BC7F250000BE551 /* PBXTargetDependency */,
			);
			name = StckOverflowVisualiserUITests;
			productName = StckOverflowVisualiserUITests;
			productReference = 12CD0B8F1BC7F250000BE551 /* StckOverflowVisualiserUITests.xctest */;
			productType = "com.apple.product-type.bundle.ui-testing";
		};
/* End PBXNativeTarget section */

/* Begin PBXProject section */
		12CD0B631BC7F250000BE551 /* Project object */ = {
			isa = PBXProject;
			attributes = {
				LastUpgradeCheck = 0700;
				ORGANIZATIONNAME = "Madalina Melinte";
				TargetAttributes = {
					12CD0B6A1BC7F250000BE551 = {
						CreatedOnToolsVersion = 7.0;
					};
					12CD0B831BC7F250000BE551 = {
						CreatedOnToolsVersion = 7.0;
						TestTargetID = 12CD0B6A1BC7F250000BE551;
					};
					12CD0B8E1BC7F250000BE551 = {
						CreatedOnToolsVersion = 7.0;
						TestTargetID = 12CD0B6A1BC7F250000BE551;
					};
				};
			};
			buildConfigurationList = 12CD0B661BC7F250000BE551 /* Build configuration list for PBXProject "StckOverflowVisualiser" */;
			compatibilityVersion = "Xcode 3.2";
			developmentRegion = English;
			hasScannedForEncodings = 0;
			knownRegions = (
				en,
				Base,
			);
			mainGroup = 12CD0B621BC7F250000BE551;
			productRefGroup = 12CD0B6C1BC7F250000BE551 /* Products */;
			projectDirPath = "";
			projectRoot = "";
			targets = (
				12CD0B6A1BC7F250000BE551 /* StckOverflowVisualiser */,
				12CD0B831BC7F250000BE551 /* StckOverflowVisualiserTests */,
				12CD0B8E1BC7F250000BE551 /* StckOverflowVisualiserUITests */,
			);
		};
/* End PBXProject section */

/* Begin PBXResourcesBuildPhase section */
		12CD0B691BC7F250000BE551 /* Resources */ = {
			isa = PBXResourcesBuildPhase;
			buildActionMask = 2147483647;
			files = (
				12CD0B7E1BC7F250000BE551 /* LaunchScreen.storyboard in Resources */,
				12CD0B7B1BC7F250000BE551 /* Assets.xcassets in Resources */,
				12CD0B791BC7F250000BE551 /* Main_iPhone.storyboard in Resources */,
			);
			runOnlyForDeploymentPostprocessing = 0;
		};
		12CD0B821BC7F250000BE551 /* Resources */ = {
			isa = PBXResourcesBuildPhase;
			buildActionMask = 2147483647;
			files = (
			);
			runOnlyForDeploymentPostprocessing = 0;
		};
		12CD0B8D1BC7F250000BE551 /* Resources */ = {
			isa = PBXResourcesBuildPhase;
			buildActionMask = 2147483647;
			files = (
			);
			runOnlyForDeploymentPostprocessing = 0;
		};
/* End PBXResourcesBuildPhase section */

/* Begin PBXSourcesBuildPhase section */
		12CD0B671BC7F250000BE551 /* Sources */ = {
			isa = PBXSourcesBuildPhase;
			buildActionMask = 2147483647;
			files = (
				12CD0B731BC7F250000BE551 /* AppDelegate.m in Sources */,
				12CD0B701BC7F250000BE551 /* main.m in Sources */,
			);
			runOnlyForDeploymentPostprocessing = 0;
		};
		12CD0B801BC7F250000BE551 /* Sources */ = {
			isa = PBXSourcesBuildPhase;
			buildActionMask = 2147483647;
			files = (
				12CD0B891BC7F250000BE551 /* StckOverflowVisualiserTests.m in Sources */,
			);
			runOnlyForDeploymentPostprocessing = 0;
		};
		12CD0B8B1BC7F250000BE551 /* Sources */ = {
			isa = PBXSourcesBuildPhase;
			buildActionMask = 2147483647;
			files = (
				12CD0B941BC7F250000BE551 /* StckOverflowVisualiserUITests.m in Sources */,
			);
			runOnlyForDeploymentPostprocessing = 0;
		};
/* End PBXSourcesBuildPhase section */

/* Begin PBXTargetDependency section */
		12CD0B861BC7F250000BE551 /* PBXTargetDependency */ = {
			isa = PBXTargetDependency;
			target = 12CD0B6A1BC7F250000BE551 /* StckOverflowVisualiser */;
			targetProxy = 12CD0B851BC7F250000BE551 /* PBXContainerItemProxy */;
		};
		12CD0B911BC7F250000BE551 /* PBXTargetDependency */ = {
			isa = PBXTargetDependency;
			target = 12CD0B6A1BC7F250000BE551 /* StckOverflowVisualiser */;
			targetProxy = 12CD0B901BC7F250000BE551 /* PBXContainerItemProxy */;
		};
/* End PBXTargetDependency section */

/* Begin PBXVariantGroup section */
		12CD0B771BC7F250000BE551 /* Main_iPhone.storyboard */ = {
			isa = PBXVariantGroup;
			children = (
				12CD0B781BC7F250000BE551 /* Base */,
			);
			name = Main_iPhone.storyboard;
			sourceTree = "<group>";
		};
		12CD0B7C1BC7F250000BE551 /* LaunchScreen.storyboard */ = {
			isa = PBXVariantGroup;
			children = (
				12CD0B7D1BC7F250000BE551 /* Base */,
			);
			name = LaunchScreen.storyboard;
			sourceTree = "<group>";
		};
/* End PBXVariantGroup section */

/* Begin XCBuildConfiguration section */
		12CD0B961BC7F250000BE551 /* Debug */ = {
			isa = XCBuildConfiguration;
			buildSettings = {
				ALWAYS_SEARCH_USER_PATHS = NO;
				CLANG_CXX_LANGUAGE_STANDARD = "gnu++0x";
				CLANG_CXX_LIBRARY = "libc++";
				CLANG_ENABLE_MODULES = YES;
				CLANG_ENABLE_OBJC_ARC = YES;
				CLANG_WARN_BOOL_CONVERSION = YES;
				CLANG_WARN_CONSTANT_CONVERSION = YES;
				CLANG_WARN_DIRECT_OBJC_ISA_USAGE = YES_ERROR;
				CLANG_WARN_EMPTY_BODY = YES;
				CLANG_WARN_ENUM_CONVERSION = YES;
				CLANG_WARN_INT_CONVERSION = YES;
				CLANG_WARN_OBJC_ROOT_CLASS = YES_ERROR;
				CLANG_WARN_UNREACHABLE_CODE = YES;
				CLANG_WARN__DUPLICATE_METHOD_MATCH = YES;
				"CODE_SIGN_IDENTITY[sdk=iphoneos*]" = "iPhone Developer";
				COPY_PHASE_STRIP = NO;
				DEBUG_INFORMATION_FORMAT = dwarf;
				ENABLE_STRICT_OBJC_MSGSEND = YES;
				ENABLE_TESTABILITY = YES;
				GCC_C_LANGUAGE_STANDARD = gnu99;
				GCC_DYNAMIC_NO_PIC = NO;
				GCC_NO_COMMON_BLOCKS = YES;
				GCC_OPTIMIZATION_LEVEL = 0;
				GCC_PREPROCESSOR_DEFINITIONS = (
					"DEBUG=1",
					"$(inherited)",
				);
				GCC_WARN_64_TO_32_BIT_CONVERSION = YES;
				GCC_WARN_ABOUT_RETURN_TYPE = YES_ERROR;
				GCC_WARN_UNDECLARED_SELECTOR = YES;
				GCC_WARN_UNINITIALIZED_AUTOS = YES_AGGRESSIVE;
				GCC_WARN_UNUSED_FUNCTION = YES;
				GCC_WARN_UNUSED_VARIABLE = YES;
				IPHONEOS_DEPLOYMENT_TARGET = 9.0;
				MTL_ENABLE_DEBUG_INFO = YES;
				ONLY_ACTIVE_ARCH = YES;
				SDKROOT = iphoneos;
				TARGETED_DEVICE_FAMILY = "1,2";
			};
			name = Debug;
		};
		12CD0B971BC7F250000BE551 /* Release */ = {
			isa = XCBuildConfiguration;
			buildSettings = {
				ALWAYS_SEARCH_USER_PATHS = NO;
				CLANG_CXX_LANGUAGE_STANDARD = "gnu++0x";
				CLANG_CXX_LIBRARY = "libc++";
				CLANG_ENABLE_MODULES = YES;
				CLANG_ENABLE_OBJC_ARC = YES;
				CLANG_WARN_BOOL_CONVERSION = YES;
				CLANG_WARN_CONSTANT_CONVERSION = YES;
				CLANG_WARN_DIRECT_OBJC_ISA_USAGE = YES_ERROR;
				CLANG_WARN_EMPTY_BODY = YES;
				CLANG_WARN_ENUM_CONVERSION = YES;
				CLANG_WARN_INT_CONVERSION = YES;
				CLANG_WARN_OBJC_ROOT_CLASS = YES_ERROR;
				CLANG_WARN_UNREACHABLE_CODE = YES;
				CLANG_WARN__DUPLICATE_METHOD_MATCH = YES;
				"CODE_SIGN_IDENTITY[sdk=iphoneos*]" = "iPhone Developer";
				COPY_PHASE_STRIP = NO;
				DEBUG_INFORMATION_FORMAT = "dwarf-with-dsym";
				ENABLE_NS_ASSERTIONS = NO;
				ENABLE_STRICT_OBJC_MSGSEND = YES;
				GCC_C_LANGUAGE_STANDARD = gnu99;
				GCC_NO_COMMON_BLOCKS = YES;
				GCC_WARN_64_TO_32_BIT_CONVERSION = YES;
				GCC_WARN_ABOUT_RETURN_TYPE = YES_ERROR;
				GCC_WARN_UNDECLARED_SELECTOR = YES;
				GCC_WARN_UNINITIALIZED_AUTOS = YES_AGGRESSIVE;
				GCC_WARN_UNUSED_FUNCTION = YES;
				GCC_WARN_UNUSED_VARIABLE = YES;
				IPHONEOS_DEPLOYMENT_TARGET = 9.0;
				MTL_ENABLE_DEBUG_INFO = NO;
				SDKROOT = iphoneos;
				TARGETED_DEVICE_FAMILY = "1,2";
				VALIDATE_PRODUCT = YES;
			};
			name = Release;
		};
		12CD0B991BC7F250000BE551 /* Debug */ = {
			isa = XCBuildConfiguration;
			buildSettings = {
				ASSETCATALOG_COMPILER_APPICON_NAME = AppIcon;
				INFOPLIST_FILE = StckOverflowVisualiser/Info.plist;
				LD_RUNPATH_SEARCH_PATHS = "$(inherited) @executable_path/Frameworks";
				PRODUCT_BUNDLE_IDENTIFIER = "l-m.StckOverflowVisualiser";
				PRODUCT_NAME = "$(TARGET_NAME)";
			};
			name = Debug;
		};
		12CD0B9A1BC7F250000BE551 /* Release */ = {
			isa = XCBuildConfiguration;
			buildSettings = {
				ASSETCATALOG_COMPILER_APPICON_NAME = AppIcon;
				INFOPLIST_FILE = StckOverflowVisualiser/Info.plist;
				LD_RUNPATH_SEARCH_PATHS = "$(inherited) @executable_path/Frameworks";
				PRODUCT_BUNDLE_IDENTIFIER = "l-m.StckOverflowVisualiser";
				PRODUCT_NAME = "$(TARGET_NAME)";
			};
			name = Release;
		};
		12CD0B9C1BC7F250000BE551 /* Debug */ = {
			isa = XCBuildConfiguration;
			buildSettings = {
				BUNDLE_LOADER = "$(TEST_HOST)";
				INFOPLIST_FILE = StckOverflowVisualiserTests/Info.plist;
				LD_RUNPATH_SEARCH_PATHS = "$(inherited) @executable_path/Frameworks @loader_path/Frameworks";
				PRODUCT_BUNDLE_IDENTIFIER = "l-m.StckOverflowVisualiserTests";
				PRODUCT_NAME = "$(TARGET_NAME)";
				TEST_HOST = "$(BUILT_PRODUCTS_DIR)/StckOverflowVisualiser.app/StckOverflowVisualiser";
			};
			name = Debug;
		};
		12CD0B9D1BC7F250000BE551 /* Release */ = {
			isa = XCBuildConfiguration;
			buildSettings = {
				BUNDLE_LOADER = "$(TEST_HOST)";
				INFOPLIST_FILE = StckOverflowVisualiserTests/Info.plist;
				LD_RUNPATH_SEARCH_PATHS = "$(inherited) @executable_path/Frameworks @loader_path/Frameworks";
				PRODUCT_BUNDLE_IDENTIFIER = "l-m.StckOverflowVisualiserTests";
				PRODUCT_NAME = "$(TARGET_NAME)";
				TEST_HOST = "$(BUILT_PRODUCTS_DIR)/StckOverflowVisualiser.app/StckOverflowVisualiser";
			};
			name = Release;
		};
		12CD0B9F1BC7F250000BE551 /* Debug */ = {
			isa = XCBuildConfiguration;
			buildSettings = {
				INFOPLIST_FILE = StckOverflowVisualiserUITests/Info.plist;
				LD_RUNPATH_SEARCH_PATHS = "$(inherited) @executable_path/Frameworks @loader_path/Frameworks";
				PRODUCT_BUNDLE_IDENTIFIER = "l-m.StckOverflowVisualiserUITests";
				PRODUCT_NAME = "$(TARGET_NAME)";
				TEST_TARGET_NAME = StckOverflowVisualiser;
				USES_XCTRUNNER = YES;
			};
			name = Debug;
		};
		12CD0BA01BC7F250000BE551 /* Release */ = {
			isa = XCBuildConfiguration;
			buildSettings = {
				INFOPLIST_FILE = StckOverflowVisualiserUITests/Info.plist;
				LD_RUNPATH_SEARCH_PATHS = "$(inherited) @executable_path/Frameworks @loader_path/Frameworks";
				PRODUCT_BUNDLE_IDENTIFIER = "l-m.StckOverflowVisualiserUITests";
				PRODUCT_NAME = "$(TARGET_NAME)";
				TEST_TARGET_NAME = StckOverflowVisualiser;
				USES_XCTRUNNER = YES;
			};
			name = Release;
		};
/* End XCBuildConfiguration section */

/* Begin XCConfigurationList section */
		12CD0B661BC7F250000BE551 /* Build configuration list for PBXProject "StckOverflowVisualiser" */ = {
			isa = XCConfigurationList;
			buildConfigurations = (
				12CD0B961BC7F250000BE551 /* Debug */,
				12CD0B971BC7F250000BE551 /* Release */,
			);
			defaultConfigurationIsVisible = 0;
			defaultConfigurationName = Release;
		};
		12CD0B981BC7F250000BE551 /* Build configuration list for PBXNativeTarget "StckOverflowVisualiser" */ = {
			isa = XCConfigurationList;
			buildConfigurations = (
				12CD0B991BC7F250000BE551 /* Debug */,
				12CD0B9A1BC7F250000BE551 /* Release */,
			);
			defaultConfigurationIsVisible = 0;
		};
		12CD0B9B1BC7F250000BE551 /* Build configuration list for PBXNativeTarget "StckOverflowVisualiserTests" */ = {
			isa = XCConfigurationList;
			buildConfigurations = (
				12CD0B9C1BC7F250000BE551 /* Debug */,
				12CD0B9D1BC7F250000BE551 /* Release */,
			);
			defaultConfigurationIsVisible = 0;
		};
		12CD0B9E1BC7F250000BE551 /* Build configuration list for PBXNativeTarget "StckOverflowVisualiserUITests" */ = {
			isa = XCConfigurationList;
			buildConfigurations = (
				12CD0B9F1BC7F250000BE551 /* Debug */,
				12CD0BA01BC7F250000BE551 /* Release */,
			);
			defaultConfigurationIsVisible = 0;
		};
/* End XCConfigurationList section */
	};
	rootObject = 12CD0B631BC7F250000BE551 /* Project object */;
}
